Microsoft Visual Studio Solution File, Format Version 12.00
# Visual Studio 14
VisualStudioVersion = 14.0.24720.0
MinimumVisualStudioVersion = 10.0.40219.1
Project("{8BC9CEB8-8B4A-11D0-8D11-00A0C91BC942}") = "libjasper", "3rdparty\libjasper\libjasper.vcxproj", "{05CE52CC-3112-453C-A2D6-C50B13D25281}"
EndProject
Project("{8BC9CEB8-8B4A-11D0-8D11-00A0C91BC942}") = "libjpeg", "3rdparty\libjpeg\libjpeg.vcxproj", "{B7C7735F-4BC3-41B3-A51A-262DF37E8C83}"
EndProject
Project("{8BC9CEB8-8B4A-11D0-8D11-00A0C91BC942}") = "libpng", "3rdparty\libpng\libpng.vcxproj", "{DA03D0BA-E499-4755-A50D-D52FA5F86F71}"
	ProjectSection(ProjectDependencies) = postProject
		{1D0DEE65-ED23-48AA-9E4B-201225935D01} = {1D0DEE65-ED23-48AA-9E4B-201225935D01}
	EndProjectSection
EndProject
Project("{8BC9CEB8-8B4A-11D0-8D11-00A0C91BC942}") = "libtiff", "3rdparty\libtiff\libtiff.vcxproj", "{CB665024-EBDD-4F85-9CE9-7E04B2C1BBEC}"
	ProjectSection(ProjectDependencies) = postProject
		{1D0DEE65-ED23-48AA-9E4B-201225935D01} = {1D0DEE65-ED23-48AA-9E4B-201225935D01}
	EndProjectSection
EndProject
Project("{8BC9CEB8-8B4A-11D0-8D11-00A0C91BC942}") = "opencv_core", "modules\core\opencv_core.vcxproj", "{0316DD57-4D5D-4E1A-88B2-6534F3107542}"
	ProjectSection(ProjectDependencies) = postProject
		{1D0DEE65-ED23-48AA-9E4B-201225935D01} = {1D0DEE65-ED23-48AA-9E4B-201225935D01}
		{ED6F12A1-E1A9-4D89-A606-8F299A1B3E2A} = {ED6F12A1-E1A9-4D89-A606-8F299A1B3E2A}
	EndProjectSection
EndProject
Project("{8BC9CEB8-8B4A-11D0-8D11-00A0C91BC942}") = "opencv_hal", "modules\hal\opencv_hal.vcxproj", "{ED6F12A1-E1A9-4D89-A606-8F299A1B3E2A}"
EndProject
Project("{8BC9CEB8-8B4A-11D0-8D11-00A0C91BC942}") = "opencv_imgcodecs", "modules\imgcodecs\opencv_imgcodecs.vcxproj", "{38C7A628-0C02-4926-9CDB-4869CAC2FC0B}"
	ProjectSection(ProjectDependencies) = postProject
		{CB665024-EBDD-4F85-9CE9-7E04B2C1BBEC} = {CB665024-EBDD-4F85-9CE9-7E04B2C1BBEC}
		{0316DD57-4D5D-4E1A-88B2-6534F3107542} = {0316DD57-4D5D-4E1A-88B2-6534F3107542}
		{B7C7735F-4BC3-41B3-A51A-262DF37E8C83} = {B7C7735F-4BC3-41B3-A51A-262DF37E8C83}
		{1D0DEE65-ED23-48AA-9E4B-201225935D01} = {1D0DEE65-ED23-48AA-9E4B-201225935D01}
		{ED6F12A1-E1A9-4D89-A606-8F299A1B3E2A} = {ED6F12A1-E1A9-4D89-A606-8F299A1B3E2A}
		{DA03D0BA-E499-4755-A50D-D52FA5F86F71} = {DA03D0BA-E499-4755-A50D-D52FA5F86F71}
		{8F0814BE-1833-41FA-B0B2-0424F3EF899A} = {8F0814BE-1833-41FA-B0B2-0424F3EF899A}
		{05CE52CC-3112-453C-A2D6-C50B13D25281} = {05CE52CC-3112-453C-A2D6-C50B13D25281}
	EndProjectSection
EndProject
Project("{8BC9CEB8-8B4A-11D0-8D11-00A0C91BC942}") = "opencv_imgproc", "modules\imgproc\opencv_imgproc.vcxproj", "{8F0814BE-1833-41FA-B0B2-0424F3EF899A}"
	ProjectSection(ProjectDependencies) = postProject
		{0316DD57-4D5D-4E1A-88B2-6534F3107542} = {0316DD57-4D5D-4E1A-88B2-6534F3107542}
		{ED6F12A1-E1A9-4D89-A606-8F299A1B3E2A} = {ED6F12A1-E1A9-4D89-A606-8F299A1B3E2A}
	EndProjectSection
EndProject
Project("{8BC9CEB8-8B4A-11D0-8D11-00A0C91BC942}") = "opencv_ml", "modules\ml\opencv_ml.vcxproj", "{B356F9DF-3142-449F-A3D2-C86CAF2E9058}"
	ProjectSection(ProjectDependencies) = postProject
		{0316DD57-4D5D-4E1A-88B2-6534F3107542} = {0316DD57-4D5D-4E1A-88B2-6534F3107542}
		{ED6F12A1-E1A9-4D89-A606-8F299A1B3E2A} = {ED6F12A1-E1A9-4D89-A606-8F299A1B3E2A}
	EndProjectSection
EndProject
Project("{8BC9CEB8-8B4A-11D0-8D11-00A0C91BC942}") = "opencv_objdetect", "modules\objdetect\opencv_objdetect.vcxproj", "{52C0502C-2BC3-4C6C-8CEF-771499096059}"
	ProjectSection(ProjectDependencies) = postProject
		{0316DD57-4D5D-4E1A-88B2-6534F3107542} = {0316DD57-4D5D-4E1A-88B2-6534F3107542}
		{ED6F12A1-E1A9-4D89-A606-8F299A1B3E2A} = {ED6F12A1-E1A9-4D89-A606-8F299A1B3E2A}
		{8F0814BE-1833-41FA-B0B2-0424F3EF899A} = {8F0814BE-1833-41FA-B0B2-0424F3EF899A}
		{B356F9DF-3142-449F-A3D2-C86CAF2E9058} = {B356F9DF-3142-449F-A3D2-C86CAF2E9058}
	EndProjectSection
EndProject
Project("{8BC9CEB8-8B4A-11D0-8D11-00A0C91BC942}") = "opencv_video", "modules\video\opencv_video.vcxproj", "{5F055B71-5F82-40B7-AE80-E9B73201F990}"
	ProjectSection(ProjectDependencies) = postProject
		{0316DD57-4D5D-4E1A-88B2-6534F3107542} = {0316DD57-4D5D-4E1A-88B2-6534F3107542}
		{ED6F12A1-E1A9-4D89-A606-8F299A1B3E2A} = {ED6F12A1-E1A9-4D89-A606-8F299A1B3E2A}
		{8F0814BE-1833-41FA-B0B2-0424F3EF899A} = {8F0814BE-1833-41FA-B0B2-0424F3EF899A}
	EndProjectSection
EndProject
Project("{8BC9CEB8-8B4A-11D0-8D11-00A0C91BC942}") = "opencv_videoio", "modules\videoio\opencv_videoio.vcxproj", "{FA1CA1DC-B733-4FB4-AB96-4B7815DBCB9F}"
	ProjectSection(ProjectDependencies) = postProject
		{38C7A628-0C02-4926-9CDB-4869CAC2FC0B} = {38C7A628-0C02-4926-9CDB-4869CAC2FC0B}
		{0316DD57-4D5D-4E1A-88B2-6534F3107542} = {0316DD57-4D5D-4E1A-88B2-6534F3107542}
		{ED6F12A1-E1A9-4D89-A606-8F299A1B3E2A} = {ED6F12A1-E1A9-4D89-A606-8F299A1B3E2A}
		{8F0814BE-1833-41FA-B0B2-0424F3EF899A} = {8F0814BE-1833-41FA-B0B2-0424F3EF899A}
	EndProjectSection
EndProject
Project("{8BC9CEB8-8B4A-11D0-8D11-00A0C91BC942}") = "zlib", "3rdparty\zlib\zlib.vcxproj", "{1D0DEE65-ED23-48AA-9E4B-201225935D01}"
EndProject
Project("{2150E333-8FDC-42A3-9474-1A3956D46DE8}") = "3rdparty", "3rdparty", "{322B37FF-68D4-48FD-9321-5DA4883AA24E}"
EndProject
Project("{2150E333-8FDC-42A3-9474-1A3956D46DE8}") = "modules", "modules", "{4EEB84BE-4F05-49AC-BC6E-F2BC1F8892DA}"
EndProject
Project("{8BC9CEB8-8B4A-11D0-8D11-00A0C91BC942}") = "opencv_winrt", "modules\winrt\opencv_winrt.vcxproj", "{0CA85B79-912A-4D30-AD07-36450B47FEBA}"
	ProjectSection(ProjectDependencies) = postProject
		{0316DD57-4D5D-4E1A-88B2-6534F3107542} = {0316DD57-4D5D-4E1A-88B2-6534F3107542}
		{5F055B71-5F82-40B7-AE80-E9B73201F990} = {5F055B71-5F82-40B7-AE80-E9B73201F990}
		{ED6F12A1-E1A9-4D89-A606-8F299A1B3E2A} = {ED6F12A1-E1A9-4D89-A606-8F299A1B3E2A}
		{8F0814BE-1833-41FA-B0B2-0424F3EF899A} = {8F0814BE-1833-41FA-B0B2-0424F3EF899A}
		{FA1CA1DC-B733-4FB4-AB96-4B7815DBCB9F} = {FA1CA1DC-B733-4FB4-AB96-4B7815DBCB9F}
		{B356F9DF-3142-449F-A3D2-C86CAF2E9058} = {B356F9DF-3142-449F-A3D2-C86CAF2E9058}
	EndProjectSection
EndProject
Project("{2150E333-8FDC-42A3-9474-1A3956D46DE8}") = "highgui_xaml", "highgui_xaml", "{AD19913A-DBB7-454F-BB86-1F7EED6F5981}"
EndProject
Project("{FAE04EC0-301F-11D3-BF4B-00C04F79EFBC}") = "highgui_xaml.WindowsCSharp", "..\..\..\..\samples\winrt_universal\highgui_xaml\highgui_xaml\highgui_xaml.WindowsCSharp\highgui_xaml.WindowsCSharp.csproj", "{3028B018-4606-441F-9850-F2DF540C2913}"
	ProjectSection(ProjectDependencies) = postProject
		{CB665024-EBDD-4F85-9CE9-7E04B2C1BBEC} = {CB665024-EBDD-4F85-9CE9-7E04B2C1BBEC}
		{38C7A628-0C02-4926-9CDB-4869CAC2FC0B} = {38C7A628-0C02-4926-9CDB-4869CAC2FC0B}
		{52C0502C-2BC3-4C6C-8CEF-771499096059} = {52C0502C-2BC3-4C6C-8CEF-771499096059}
		{0316DD57-4D5D-4E1A-88B2-6534F3107542} = {0316DD57-4D5D-4E1A-88B2-6534F3107542}
		{B7C7735F-4BC3-41B3-A51A-262DF37E8C83} = {B7C7735F-4BC3-41B3-A51A-262DF37E8C83}
		{1D0DEE65-ED23-48AA-9E4B-201225935D01} = {1D0DEE65-ED23-48AA-9E4B-201225935D01}
		{5F055B71-5F82-40B7-AE80-E9B73201F990} = {5F055B71-5F82-40B7-AE80-E9B73201F990}
		{ED6F12A1-E1A9-4D89-A606-8F299A1B3E2A} = {ED6F12A1-E1A9-4D89-A606-8F299A1B3E2A}
		{DA03D0BA-E499-4755-A50D-D52FA5F86F71} = {DA03D0BA-E499-4755-A50D-D52FA5F86F71}
		{8F0814BE-1833-41FA-B0B2-0424F3EF899A} = {8F0814BE-1833-41FA-B0B2-0424F3EF899A}
		{05CE52CC-3112-453C-A2D6-C50B13D25281} = {05CE52CC-3112-453C-A2D6-C50B13D25281}
		{FA1CA1DC-B733-4FB4-AB96-4B7815DBCB9F} = {FA1CA1DC-B733-4FB4-AB96-4B7815DBCB9F}
		{B356F9DF-3142-449F-A3D2-C86CAF2E9058} = {B356F9DF-3142-449F-A3D2-C86CAF2E9058}
	EndProjectSection
EndProject
Global
	GlobalSection(SolutionConfigurationPlatforms) = preSolution
		Debug|ARM = Debug|ARM
		Debug|x64 = Debug|x64
		Debug|x86 = Debug|x86
		Release|ARM = Release|ARM
		Release|x64 = Release|x64
		Release|x86 = Release|x86
	EndGlobalSection
	GlobalSection(ProjectConfigurationPlatforms) = postSolution
		{05CE52CC-3112-453C-A2D6-C50B13D25281}.Debug|ARM.ActiveCfg = Debug|ARM
		{05CE52CC-3112-453C-A2D6-C50B13D25281}.Debug|ARM.Build.0 = Debug|ARM
		{05CE52CC-3112-453C-A2D6-C50B13D25281}.Debug|x64.ActiveCfg = Debug|ARM
		{05CE52CC-3112-453C-A2D6-C50B13D25281}.Debug|x86.ActiveCfg = Debug|ARM
		{05CE52CC-3112-453C-A2D6-C50B13D25281}.Release|ARM.ActiveCfg = Release|ARM
		{05CE52CC-3112-453C-A2D6-C50B13D25281}.Release|ARM.Build.0 = Release|ARM
		{05CE52CC-3112-453C-A2D6-C50B13D25281}.Release|x64.ActiveCfg = Release|ARM
		{05CE52CC-3112-453C-A2D6-C50B13D25281}.Release|x86.ActiveCfg = Release|ARM
		{B7C7735F-4BC3-41B3-A51A-262DF37E8C83}.Debug|ARM.ActiveCfg = Debug|ARM
		{B7C7735F-4BC3-41B3-A51A-262DF37E8C83}.Debug|ARM.Build.0 = Debug|ARM
		{B7C7735F-4BC3-41B3-A51A-262DF37E8C83}.Debug|x64.ActiveCfg = Debug|ARM
		{B7C7735F-4BC3-41B3-A51A-262DF37E8C83}.Debug|x86.ActiveCfg = Debug|ARM
		{B7C7735F-4BC3-41B3-A51A-262DF37E8C83}.Release|ARM.ActiveCfg = Release|ARM
		{B7C7735F-4BC3-41B3-A51A-262DF37E8C83}.Release|ARM.Build.0 = Release|ARM
		{B7C7735F-4BC3-41B3-A51A-262DF37E8C83}.Release|x64.ActiveCfg = Release|ARM
		{B7C7735F-4BC3-41B3-A51A-262DF37E8C83}.Release|x86.ActiveCfg = Release|ARM
		{DA03D0BA-E499-4755-A50D-D52FA5F86F71}.Debug|ARM.ActiveCfg = Debug|ARM
		{DA03D0BA-E499-4755-A50D-D52FA5F86F71}.Debug|ARM.Build.0 = Debug|ARM
		{DA03D0BA-E499-4755-A50D-D52FA5F86F71}.Debug|x64.ActiveCfg = Debug|ARM
		{DA03D0BA-E499-4755-A50D-D52FA5F86F71}.Debug|x86.ActiveCfg = Debug|ARM
		{DA03D0BA-E499-4755-A50D-D52FA5F86F71}.Release|ARM.ActiveCfg = Release|ARM
		{DA03D0BA-E499-4755-A50D-D52FA5F86F71}.Release|ARM.Build.0 = Release|ARM
		{DA03D0BA-E499-4755-A50D-D52FA5F86F71}.Release|x64.ActiveCfg = Release|ARM
		{DA03D0BA-E499-4755-A50D-D52FA5F86F71}.Release|x86.ActiveCfg = Release|ARM
		{CB665024-EBDD-4F85-9CE9-7E04B2C1BBEC}.Debug|ARM.ActiveCfg = Debug|ARM
		{CB665024-EBDD-4F85-9CE9-7E04B2C1BBEC}.Debug|ARM.Build.0 = Debug|ARM
		{CB665024-EBDD-4F85-9CE9-7E04B2C1BBEC}.Debug|x64.ActiveCfg = Debug|ARM
		{CB665024-EBDD-4F85-9CE9-7E04B2C1BBEC}.Debug|x86.ActiveCfg = Debug|ARM
		{CB665024-EBDD-4F85-9CE9-7E04B2C1BBEC}.Release|ARM.ActiveCfg = Release|ARM
		{CB665024-EBDD-4F85-9CE9-7E04B2C1BBEC}.Release|ARM.Build.0 = Release|ARM
		{CB665024-EBDD-4F85-9CE9-7E04B2C1BBEC}.Release|x64.ActiveCfg = Release|ARM
		{CB665024-EBDD-4F85-9CE9-7E04B2C1BBEC}.Release|x86.ActiveCfg = Release|ARM
		{0316DD57-4D5D-4E1A-88B2-6534F3107542}.Debug|ARM.ActiveCfg = Debug|ARM
		{0316DD57-4D5D-4E1A-88B2-6534F3107542}.Debug|ARM.Build.0 = Debug|ARM
		{0316DD57-4D5D-4E1A-88B2-6534F3107542}.Debug|ARM.Deploy.0 = Debug|ARM
		{0316DD57-4D5D-4E1A-88B2-6534F3107542}.Debug|x64.ActiveCfg = Debug|ARM
		{0316DD57-4D5D-4E1A-88B2-6534F3107542}.Debug|x86.ActiveCfg = Debug|ARM
		{0316DD57-4D5D-4E1A-88B2-6534F3107542}.Release|ARM.ActiveCfg = Release|ARM
		{0316DD57-4D5D-4E1A-88B2-6534F3107542}.Release|ARM.Build.0 = Release|ARM
		{0316DD57-4D5D-4E1A-88B2-6534F3107542}.Release|ARM.Deploy.0 = Release|ARM
		{0316DD57-4D5D-4E1A-88B2-6534F3107542}.Release|x64.ActiveCfg = Release|ARM
		{0316DD57-4D5D-4E1A-88B2-6534F3107542}.Release|x86.ActiveCfg = Release|ARM
		{ED6F12A1-E1A9-4D89-A606-8F299A1B3E2A}.Debug|ARM.ActiveCfg = Debug|ARM
		{ED6F12A1-E1A9-4D89-A606-8F299A1B3E2A}.Debug|ARM.Build.0 = Debug|ARM
		{ED6F12A1-E1A9-4D89-A606-8F299A1B3E2A}.Debug|x64.ActiveCfg = Debug|ARM
		{ED6F12A1-E1A9-4D89-A606-8F299A1B3E2A}.Debug|x86.ActiveCfg = Debug|ARM
		{ED6F12A1-E1A9-4D89-A606-8F299A1B3E2A}.Release|ARM.ActiveCfg = Release|ARM
		{ED6F12A1-E1A9-4D89-A606-8F299A1B3E2A}.Release|ARM.Build.0 = Release|ARM
		{ED6F12A1-E1A9-4D89-A606-8F299A1B3E2A}.Release|x64.ActiveCfg = Release|ARM
		{ED6F12A1-E1A9-4D89-A606-8F299A1B3E2A}.Release|x86.ActiveCfg = Release|ARM
		{38C7A628-0C02-4926-9CDB-4869CAC2FC0B}.Debug|ARM.ActiveCfg = Debug|ARM
		{38C7A628-0C02-4926-9CDB-4869CAC2FC0B}.Debug|ARM.Build.0 = Debug|ARM
		{38C7A628-0C02-4926-9CDB-4869CAC2FC0B}.Debug|ARM.Deploy.0 = Debug|ARM
		{38C7A628-0C02-4926-9CDB-4869CAC2FC0B}.Debug|x64.ActiveCfg = Debug|ARM
		{38C7A628-0C02-4926-9CDB-4869CAC2FC0B}.Debug|x86.ActiveCfg = Debug|ARM
		{38C7A628-0C02-4926-9CDB-4869CAC2FC0B}.Release|ARM.ActiveCfg = Release|ARM
		{38C7A628-0C02-4926-9CDB-4869CAC2FC0B}.Release|ARM.Build.0 = Release|ARM
		{38C7A628-0C02-4926-9CDB-4869CAC2FC0B}.Release|ARM.Deploy.0 = Release|ARM
		{38C7A628-0C02-4926-9CDB-4869CAC2FC0B}.Release|x64.ActiveCfg = Release|ARM
		{38C7A628-0C02-4926-9CDB-4869CAC2FC0B}.Release|x86.ActiveCfg = Release|ARM
		{8F0814BE-1833-41FA-B0B2-0424F3EF899A}.Debug|ARM.ActiveCfg = Debug|ARM
		{8F0814BE-1833-41FA-B0B2-0424F3EF899A}.Debug|ARM.Build.0 = Debug|ARM
		{8F0814BE-1833-41FA-B0B2-0424F3EF899A}.Debug|ARM.Deploy.0 = Debug|ARM
		{8F0814BE-1833-41FA-B0B2-0424F3EF899A}.Debug|x64.ActiveCfg = Debug|ARM
		{8F0814BE-1833-41FA-B0B2-0424F3EF899A}.Debug|x86.ActiveCfg = Debug|ARM
		{8F0814BE-1833-41FA-B0B2-0424F3EF899A}.Release|ARM.ActiveCfg = Release|ARM
		{8F0814BE-1833-41FA-B0B2-0424F3EF899A}.Release|ARM.Build.0 = Release|ARM
		{8F0814BE-1833-41FA-B0B2-0424F3EF899A}.Release|ARM.Deploy.0 = Release|ARM
		{8F0814BE-1833-41FA-B0B2-0424F3EF899A}.Release|x64.ActiveCfg = Release|ARM
		{8F0814BE-1833-41FA-B0B2-0424F3EF899A}.Release|x86.ActiveCfg = Release|ARM
		{B356F9DF-3142-449F-A3D2-C86CAF2E9058}.Debug|ARM.ActiveCfg = Debug|ARM
		{B356F9DF-3142-449F-A3D2-C86CAF2E9058}.Debug|ARM.Build.0 = Debug|ARM
		{B356F9DF-3142-449F-A3D2-C86CAF2E9058}.Debug|ARM.Deploy.0 = Debug|ARM
		{B356F9DF-3142-449F-A3D2-C86CAF2E9058}.Debug|x64.ActiveCfg = Debug|ARM
		{B356F9DF-3142-449F-A3D2-C86CAF2E9058}.Debug|x86.ActiveCfg = Debug|ARM
		{B356F9DF-3142-449F-A3D2-C86CAF2E9058}.Release|ARM.ActiveCfg = Release|ARM
		{B356F9DF-3142-449F-A3D2-C86CAF2E9058}.Release|ARM.Build.0 = Release|ARM
		{B356F9DF-3142-449F-A3D2-C86CAF2E9058}.Release|ARM.Deploy.0 = Release|ARM
		{B356F9DF-3142-449F-A3D2-C86CAF2E9058}.Release|x64.ActiveCfg = Release|ARM
		{B356F9DF-3142-449F-A3D2-C86CAF2E9058}.Release|x86.ActiveCfg = Release|ARM
		{52C0502C-2BC3-4C6C-8CEF-771499096059}.Debug|ARM.ActiveCfg = Debug|ARM
		{52C0502C-2BC3-4C6C-8CEF-771499096059}.Debug|ARM.Build.0 = Debug|ARM
		{52C0502C-2BC3-4C6C-8CEF-771499096059}.Debug|ARM.Deploy.0 = Debug|ARM
		{52C0502C-2BC3-4C6C-8CEF-771499096059}.Debug|x64.ActiveCfg = Debug|ARM
		{52C0502C-2BC3-4C6C-8CEF-771499096059}.Debug|x86.ActiveCfg = Debug|ARM
		{52C0502C-2BC3-4C6C-8CEF-771499096059}.Release|ARM.ActiveCfg = Release|ARM
		{52C0502C-2BC3-4C6C-8CEF-771499096059}.Release|ARM.Build.0 = Release|ARM
		{52C0502C-2BC3-4C6C-8CEF-771499096059}.Release|ARM.Deploy.0 = Release|ARM
		{52C0502C-2BC3-4C6C-8CEF-771499096059}.Release|x64.ActiveCfg = Release|ARM
		{52C0502C-2BC3-4C6C-8CEF-771499096059}.Release|x86.ActiveCfg = Release|ARM
		{5F055B71-5F82-40B7-AE80-E9B73201F990}.Debug|ARM.ActiveCfg = Debug|ARM
		{5F055B71-5F82-40B7-AE80-E9B73201F990}.Debug|ARM.Build.0 = Debug|ARM
		{5F055B71-5F82-40B7-AE80-E9B73201F990}.Debug|ARM.Deploy.0 = Debug|ARM
		{5F055B71-5F82-40B7-AE80-E9B73201F990}.Debug|x64.ActiveCfg = Debug|ARM
		{5F055B71-5F82-40B7-AE80-E9B73201F990}.Debug|x86.ActiveCfg = Debug|ARM
		{5F055B71-5F82-40B7-AE80-E9B73201F990}.Release|ARM.ActiveCfg = Release|ARM
		{5F055B71-5F82-40B7-AE80-E9B73201F990}.Release|ARM.Build.0 = Release|ARM
		{5F055B71-5F82-40B7-AE80-E9B73201F990}.Release|ARM.Deploy.0 = Release|ARM
		{5F055B71-5F82-40B7-AE80-E9B73201F990}.Release|x64.ActiveCfg = Release|ARM
		{5F055B71-5F82-40B7-AE80-E9B73201F990}.Release|x86.ActiveCfg = Release|ARM
		{FA1CA1DC-B733-4FB4-AB96-4B7815DBCB9F}.Debug|ARM.ActiveCfg = Debug|ARM
		{FA1CA1DC-B733-4FB4-AB96-4B7815DBCB9F}.Debug|ARM.Build.0 = Debug|ARM
		{FA1CA1DC-B733-4FB4-AB96-4B7815DBCB9F}.Debug|ARM.Deploy.0 = Debug|ARM
		{FA1CA1DC-B733-4FB4-AB96-4B7815DBCB9F}.Debug|x64.ActiveCfg = Debug|ARM
		{FA1CA1DC-B733-4FB4-AB96-4B7815DBCB9F}.Debug|x86.ActiveCfg = Debug|ARM
		{FA1CA1DC-B733-4FB4-AB96-4B7815DBCB9F}.Release|ARM.ActiveCfg = Release|ARM
		{FA1CA1DC-B733-4FB4-AB96-4B7815DBCB9F}.Release|ARM.Build.0 = Release|ARM
		{FA1CA1DC-B733-4FB4-AB96-4B7815DBCB9F}.Release|ARM.Deploy.0 = Release|ARM
		{FA1CA1DC-B733-4FB4-AB96-4B7815DBCB9F}.Release|x64.ActiveCfg = Release|ARM
		{FA1CA1DC-B733-4FB4-AB96-4B7815DBCB9F}.Release|x86.ActiveCfg = Release|ARM
		{1D0DEE65-ED23-48AA-9E4B-201225935D01}.Debug|ARM.ActiveCfg = Debug|ARM
		{1D0DEE65-ED23-48AA-9E4B-201225935D01}.Debug|ARM.Build.0 = Debug|ARM
		{1D0DEE65-ED23-48AA-9E4B-201225935D01}.Debug|x64.ActiveCfg = Debug|ARM
		{1D0DEE65-ED23-48AA-9E4B-201225935D01}.Debug|x86.ActiveCfg = Debug|ARM
		{1D0DEE65-ED23-48AA-9E4B-201225935D01}.Release|ARM.ActiveCfg = Release|ARM
		{1D0DEE65-ED23-48AA-9E4B-201225935D01}.Release|ARM.Build.0 = Release|ARM
		{1D0DEE65-ED23-48AA-9E4B-201225935D01}.Release|x64.ActiveCfg = Release|ARM
		{1D0DEE65-ED23-48AA-9E4B-201225935D01}.Release|x86.ActiveCfg = Release|ARM
		{0CA85B79-912A-4D30-AD07-36450B47FEBA}.Debug|ARM.ActiveCfg = Debug|ARM
		{0CA85B79-912A-4D30-AD07-36450B47FEBA}.Debug|ARM.Build.0 = Debug|ARM
		{0CA85B79-912A-4D30-AD07-36450B47FEBA}.Debug|x64.ActiveCfg = Debug|x64
		{0CA85B79-912A-4D30-AD07-36450B47FEBA}.Debug|x64.Build.0 = Debug|x64
		{0CA85B79-912A-4D30-AD07-36450B47FEBA}.Debug|x86.ActiveCfg = Debug|Win32
		{0CA85B79-912A-4D30-AD07-36450B47FEBA}.Debug|x86.Build.0 = Debug|Win32
		{0CA85B79-912A-4D30-AD07-36450B47FEBA}.Release|ARM.ActiveCfg = Release|ARM
		{0CA85B79-912A-4D30-AD07-36450B47FEBA}.Release|ARM.Build.0 = Release|ARM
		{0CA85B79-912A-4D30-AD07-36450B47FEBA}.Release|x64.ActiveCfg = Release|x64
		{0CA85B79-912A-4D30-AD07-36450B47FEBA}.Release|x64.Build.0 = Release|x64
		{0CA85B79-912A-4D30-AD07-36450B47FEBA}.Release|x86.ActiveCfg = Release|Win32
		{0CA85B79-912A-4D30-AD07-36450B47FEBA}.Release|x86.Build.0 = Release|Win32
		{3028B018-4606-441F-9850-F2DF540C2913}.Debug|ARM.ActiveCfg = Debug|ARM
		{3028B018-4606-441F-9850-F2DF540C2913}.Debug|ARM.Build.0 = Debug|ARM
		{3028B018-4606-441F-9850-F2DF540C2913}.Debug|ARM.Deploy.0 = Debug|ARM
		{3028B018-4606-441F-9850-F2DF540C2913}.Debug|x64.ActiveCfg = Debug|x64
		{3028B018-4606-441F-9850-F2DF540C2913}.Debug|x64.Build.0 = Debug|x64
		{3028B018-4606-441F-9850-F2DF540C2913}.Debug|x64.Deploy.0 = Debug|x64
		{3028B018-4606-441F-9850-F2DF540C2913}.Debug|x86.ActiveCfg = Debug|x86
		{3028B018-4606-441F-9850-F2DF540C2913}.Debug|x86.Build.0 = Debug|x86
		{3028B018-4606-441F-9850-F2DF540C2913}.Debug|x86.Deploy.0 = Debug|x86
		{3028B018-4606-441F-9850-F2DF540C2913}.Release|ARM.ActiveCfg = Release|ARM
		{3028B018-4606-441F-9850-F2DF540C2913}.Release|ARM.Build.0 = Release|ARM
		{3028B018-4606-441F-9850-F2DF540C2913}.Release|ARM.Deploy.0 = Release|ARM
		{3028B018-4606-441F-9850-F2DF540C2913}.Release|x64.ActiveCfg = Release|x64
		{3028B018-4606-441F-9850-F2DF540C2913}.Release|x64.Build.0 = Release|x64
		{3028B018-4606-441F-9850-F2DF540C2913}.Release|x64.Deploy.0 = Release|x64
		{3028B018-4606-441F-9850-F2DF540C2913}.Release|x86.ActiveCfg = Release|x86
		{3028B018-4606-441F-9850-F2DF540C2913}.Release|x86.Build.0 = Release|x86
		{3028B018-4606-441F-9850-F2DF540C2913}.Release|x86.Deploy.0 = Release|x86
	EndGlobalSection
	GlobalSection(SolutionProperties) = preSolution
		HideSolutionNode = FALSE
	EndGlobalSection
	GlobalSection(NestedProjects) = preSolution
		{05CE52CC-3112-453C-A2D6-C50B13D25281} = {322B37FF-68D4-48FD-9321-5DA4883AA24E}
		{B7C7735F-4BC3-41B3-A51A-262DF37E8C83} = {322B37FF-68D4-48FD-9321-5DA4883AA24E}
		{DA03D0BA-E499-4755-A50D-D52FA5F86F71} = {322B37FF-68D4-48FD-9321-5DA4883AA24E}
		{CB665024-EBDD-4F85-9CE9-7E04B2C1BBEC} = {322B37FF-68D4-48FD-9321-5DA4883AA24E}
		{0316DD57-4D5D-4E1A-88B2-6534F3107542} = {4EEB84BE-4F05-49AC-BC6E-F2BC1F8892DA}
		{ED6F12A1-E1A9-4D89-A606-8F299A1B3E2A} = {4EEB84BE-4F05-49AC-BC6E-F2BC1F8892DA}
		{38C7A628-0C02-4926-9CDB-4869CAC2FC0B} = {4EEB84BE-4F05-49AC-BC6E-F2BC1F8892DA}
		{8F0814BE-1833-41FA-B0B2-0424F3EF899A} = {4EEB84BE-4F05-49AC-BC6E-F2BC1F8892DA}
		{B356F9DF-3142-449F-A3D2-C86CAF2E9058} = {4EEB84BE-4F05-49AC-BC6E-F2BC1F8892DA}
		{52C0502C-2BC3-4C6C-8CEF-771499096059} = {4EEB84BE-4F05-49AC-BC6E-F2BC1F8892DA}
		{5F055B71-5F82-40B7-AE80-E9B73201F990} = {4EEB84BE-4F05-49AC-BC6E-F2BC1F8892DA}
		{FA1CA1DC-B733-4FB4-AB96-4B7815DBCB9F} = {4EEB84BE-4F05-49AC-BC6E-F2BC1F8892DA}
		{1D0DEE65-ED23-48AA-9E4B-201225935D01} = {322B37FF-68D4-48FD-9321-5DA4883AA24E}
		{0CA85B79-912A-4D30-AD07-36450B47FEBA} = {4EEB84BE-4F05-49AC-BC6E-F2BC1F8892DA}
		{3028B018-4606-441F-9850-F2DF540C2913} = {AD19913A-DBB7-454F-BB86-1F7EED6F5981}
	EndGlobalSection
EndGlobal
